
Microsoft Visual Studio Solution File, Format Version 12.00
# Visual Studio Version 17
VisualStudioVersion = 17.7.34031.279
MinimumVisualStudioVersion = 10.0.40219.1
Project("{FAE04EC0-301F-11D3-BF4B-00C04F79EFBC}") = "ConsoleCards", "ConsoleCards\ConsoleCards.csproj", "{C05DBAA2-6D50-4591-BF20-317E6F2328C4}"
EndProject
Global
	GlobalSection(SolutionConfigurationPlatforms) = preSolution
		Debug|Any CPU = Debug|Any CPU
		Release|Any CPU = Release|Any CPU
	EndGlobalSection
	GlobalSection(ProjectConfigurationPlatforms) = postSolution
		{C05DBAA2-6D50-4591-BF20-317E6F2328C4}.Debug|Any CPU.ActiveCfg = Debug|Any CPU
		{C05DBAA2-6D50-4591-BF20-317E6F2328C4}.Debug|Any CPU.Build.0 = Debug|Any CPU
		{C05DBAA2-6D50-4591-BF20-317E6F2328C4}.Release|Any CPU.ActiveCfg = Release|Any CPU
		{C05DBAA2-6D50-4591-BF20-317E6F2328C4}.Release|Any CPU.Build.0 = Release|Any CPU
	EndGlobalSection
	GlobalSection(SolutionProperties) = preSolution
		HideSolutionNode = FALSE
	EndGlobalSection
	GlobalSection(ExtensibilityGlobals) = postSolution
		SolutionGuid = {189B000D-63AD-46CF-8B02-475FEF7C0D13}
	EndGlobalSection
EndGlobal
